// !$*UTF8*$!
{
	archiveVersion = 1;
	classes = {
	};
	objectVersion = 46;
	objects = {

/* Begin PBXBuildFile section */
		A2620E1919B9FACF0048A2FE /* AppDelegate.swift in Sources */ = {isa = PBXBuildFile; fileRef = A2620E1819B9FACF0048A2FE /* AppDelegate.swift */; };
		A2620E1B19B9FACF0048A2FE /* ViewController.swift in Sources */ = {isa = PBXBuildFile; fileRef = A2620E1A19B9FACF0048A2FE /* ViewController.swift */; };
		A2620E1E19B9FACF0048A2FE /* Main.storyboard in Resources */ = {isa = PBXBuildFile; fileRef = A2620E1C19B9FACF0048A2FE /* Main.storyboard */; };
		A2620E2019B9FACF0048A2FE /* Images.xcassets in Resources */ = {isa = PBXBuildFile; fileRef = A2620E1F19B9FACF0048A2FE /* Images.xcassets */; };
		A2620E2C19B9FACF0048A2FE /* GCD_classTests.swift in Sources */ = {isa = PBXBuildFile; fileRef = A2620E2B19B9FACF0048A2FE /* GCD_classTests.swift */; };
/* End PBXBuildFile section */

/* Begin PBXContainerItemProxy section */
		A2620E2619B9FACF0048A2FE /* PBXContainerItemProxy */ = {
			isa = PBXContainerItemProxy;
			containerPortal = A2620E0B19B9FACF0048A2FE /* Project object */;
			proxyType = 1;
			remoteGlobalIDString = A2620E1219B9FACF0048A2FE;
			remoteInfo = "GCD-class";
		};
/* End PBXContainerItemProxy section */

/* Begin PBXFileReference section */
		A2620E1319B9FACF0048A2FE /* GCD-class.app */ = {isa = PBXFileReference; explicitFileType = wrapper.application; includeInIndex = 0; path = "GCD-class.app"; sourceTree = BUILT_PRODUCTS_DIR; };
		A2620E1719B9FACF0048A2FE /* Info.plist */ = {isa = PBXFileReference; lastKnownFileType = text.plist.xml; path = Info.plist; sourceTree = "<group>"; };
		A2620E1819B9FACF0048A2FE /* AppDelegate.swift */ = {isa = PBXFileReference; lastKnownFileType = sourcecode.swift; path = AppDelegate.swift; sourceTree = "<group>"; };
		A2620E1A19B9FACF0048A2FE /* ViewController.swift */ = {isa = PBXFileReference; lastKnownFileType = sourcecode.swift; path = ViewController.swift; sourceTree = "<group>"; };
		A2620E1D19B9FACF0048A2FE /* Base */ = {isa = PBXFileReference; lastKnownFileType = file.storyboard; name = Base; path = Base.lproj/Main.storyboard; sourceTree = "<group>"; };
		A2620E1F19B9FACF0048A2FE /* Images.xcassets */ = {isa = PBXFileReference; lastKnownFileType = folder.assetcatalog; path = Images.xcassets; sourceTree = "<group>"; };
		A2620E2519B9FACF0048A2FE /* GCD-classTests.xctest */ = {isa = PBXFileReference; explicitFileType = wrapper.cfbundle; includeInIndex = 0; path = "GCD-classTests.xctest"; sourceTree = BUILT_PRODUCTS_DIR; };
		A2620E2A19B9FACF0048A2FE /* Info.plist */ = {isa = PBXFileReference; lastKnownFileType = text.plist.xml; path = Info.plist; sourceTree = "<group>"; };
		A2620E2B19B9FACF0048A2FE /* GCD_classTests.swift */ = {isa = PBXFileReference; lastKnownFileType = sourcecode.swift; path = GCD_classTests.swift; sourceTree = "<group>"; };
/* End PBXFileReference section */

/* Begin PBXFrameworksBuildPhase section */
		A2620E1019B9FACF0048A2FE /* Frameworks */ = {
			isa = PBXFrameworksBuildPhase;
			buildActionMask = 2147483647;
			files = (
			);
			runOnlyForDeploymentPostprocessing = 0;
		};
		A2620E2219B9FACF0048A2FE /* Frameworks */ = {
			isa = PBXFrameworksBuildPhase;
			buildActionMask = 2147483647;
			files = (
			);
			runOnlyForDeploymentPostprocessing = 0;
		};
/* End PBXFrameworksBuildPhase section */

/* Begin PBXGroup section */
		A2620E0A19B9FACF0048A2FE = {
			isa = PBXGroup;
			children = (
				A2620E1519B9FACF0048A2FE /* GCD-class */,
				A2620E2819B9FACF0048A2FE /* GCD-classTests */,
				A2620E1419B9FACF0048A2FE /* Products */,
			);
			sourceTree = "<group>";
		};
		A2620E1419B9FACF0048A2FE /* Products */ = {
			isa = PBXGroup;
			children = (
				A2620E1319B9FACF0048A2FE /* GCD-class.app */,
				A2620E2519B9FACF0048A2FE /* GCD-classTests.xctest */,
			);
			name = Products;
			sourceTree = "<group>";
		};
		A2620E1519B9FACF0048A2FE /* GCD-class */ = {
			isa = PBXGroup;
			children = (
				A2620E1819B9FACF0048A2FE /* AppDelegate.swift */,
				A2620E1A19B9FACF0048A2FE /* ViewController.swift */,
				A2620E1C19B9FACF0048A2FE /* Main.storyboard */,
				A2620E1F19B9FACF0048A2FE /* Images.xcassets */,
				A2620E1619B9FACF0048A2FE /* Supporting Files */,
			);
			path = "GCD-class";
			sourceTree = "<group>";
		};
		A2620E1619B9FACF0048A2FE /* Supporting Files */ = {
			isa = PBXGroup;
			children = (
				A2620E1719B9FACF0048A2FE /* Info.plist */,
			);
			name = "Supporting Files";
			sourceTree = "<group>";
		};
		A2620E2819B9FACF0048A2FE /* GCD-classTests */ = {
			isa = PBXGroup;
			children = (
				A2620E2B19B9FACF0048A2FE /* GCD_classTests.swift */,
				A2620E2919B9FACF0048A2FE /* Supporting Files */,
			);
			path = "GCD-classTests";
			sourceTree = "<group>";
		};
		A2620E2919B9FACF0048A2FE /* Supporting Files */ = {
			isa = PBXGroup;
			children = (
				A2620E2A19B9FACF0048A2FE /* Info.plist */,
			);
			name = "Supporting Files";
			sourceTree = "<group>";
		};
/* End PBXGroup section */

/* Begin PBXNativeTarget section */
		A2620E1219B9FACF0048A2FE /* GCD-class */ = {
			isa = PBXNativeTarget;
			buildConfigurationList = A2620E2F19B9FACF0048A2FE /* Build configuration list for PBXNativeTarget "GCD-class" */;
			buildPhases = (
				A2620E0F19B9FACF0048A2FE /* Sources */,
				A2620E1019B9FACF0048A2FE /* Frameworks */,
				A2620E1119B9FACF0048A2FE /* Resources */,
			);
			buildRules = (
			);
			dependencies = (
			);
			name = "GCD-class";
			productName = "GCD-class";
			productReference = A2620E1319B9FACF0048A2FE /* GCD-class.app */;
			productType = "com.apple.product-type.application";
		};
		A2620E2419B9FACF0048A2FE /* GCD-classTests */ = {
			isa = PBXNativeTarget;
			buildConfigurationList = A2620E3219B9FACF0048A2FE /* Build configuration list for PBXNativeTarget "GCD-classTests" */;
			buildPhases = (
				A2620E2119B9FACF0048A2FE /* Sources */,
				A2620E2219B9FACF0048A2FE /* Frameworks */,
				A2620E2319B9FACF0048A2FE /* Resources */,
			);
			buildRules = (
			);
			dependencies = (
				A2620E2719B9FACF0048A2FE /* PBXTargetDependency */,
			);
			name = "GCD-classTests";
			productName = "GCD-classTests";
			productReference = A2620E2519B9FACF0048A2FE /* GCD-classTests.xctest */;
			productType = "com.apple.product-type.bundle.unit-test";
		};
/* End PBXNativeTarget section */

/* Begin PBXProject section */
		A2620E0B19B9FACF0048A2FE /* Project object */ = {
			isa = PBXProject;
			attributes = {
				LastUpgradeCheck = 0600;
				ORGANIZATIONNAME = "iTunesU-PoA";
				TargetAttributes = {
					A2620E1219B9FACF0048A2FE = {
						CreatedOnToolsVersion = 6.0;
					};
					A2620E2419B9FACF0048A2FE = {
						CreatedOnToolsVersion = 6.0;
						TestTargetID = A2620E1219B9FACF0048A2FE;
					};
				};
			};
			buildConfigurationList = A2620E0E19B9FACF0048A2FE /* Build configuration list for PBXProject "GCD-class" */;
			compatibilityVersion = "Xcode 3.2";
			developmentRegion = English;
			hasScannedForEncodings = 0;
			knownRegions = (
				en,
				Base,
			);
			mainGroup = A2620E0A19B9FACF0048A2FE;
			productRefGroup = A2620E1419B9FACF0048A2FE /* Products */;
			projectDirPath = "";
			projectRoot = "";
			targets = (
				A2620E1219B9FACF0048A2FE /* GCD-class */,
				A2620E2419B9FACF0048A2FE /* GCD-classTests */,
			);
		};
/* End PBXProject section */

/* Begin PBXResourcesBuildPhase section */
		A2620E1119B9FACF0048A2FE /* Resources */ = {
			isa = PBXResourcesBuildPhase;
			buildActionMask = 2147483647;
			files = (
				A2620E1E19B9FACF0048A2FE /* Main.storyboard in Resources */,
				A2620E2019B9FACF0048A2FE /* Images.xcassets in Resources */,
			);
			runOnlyForDeploymentPostprocessing = 0;
		};
		A2620E2319B9FACF0048A2FE /* Resources */ = {
			isa = PBXResourcesBuildPhase;
			buildActionMask = 2147483647;
			files = (
			);
			runOnlyForDeploymentPostprocessing = 0;
		};
/* End PBXResourcesBuildPhase section */

/* Begin PBXSourcesBuildPhase section */
		A2620E0F19B9FACF0048A2FE /* Sources */ = {
			isa = PBXSourcesBuildPhase;
			buildActionMask = 2147483647;
			files = (
				A2620E1B19B9FACF0048A2FE /* ViewController.swift in Sources */,
				A2620E1919B9FACF0048A2FE /* AppDelegate.swift in Sources */,
			);
			runOnlyForDeploymentPostprocessing = 0;
		};
		A2620E2119B9FACF0048A2FE /* Sources */ = {
			isa = PBXSourcesBuildPhase;
			buildActionMask = 2147483647;
			files = (
				A2620E2C19B9FACF0048A2FE /* GCD_classTests.swift in Sources */,
			);
			runOnlyForDeploymentPostprocessing = 0;
		};
/* End PBXSourcesBuildPhase section */

/* Begin PBXTargetDependency section */
		A2620E2719B9FACF0048A2FE /* PBXTargetDependency */ = {
			isa = PBXTargetDependency;
			target = A2620E1219B9FACF0048A2FE /* GCD-class */;
			targetProxy = A2620E2619B9FACF0048A2FE /* PBXContainerItemProxy */;
		};
/* End PBXTargetDependency section */

/* Begin PBXVariantGroup section */
		A2620E1C19B9FACF0048A2FE /* Main.storyboard */ = {
			isa = PBXVariantGroup;
			children = (
				A2620E1D19B9FACF0048A2FE /* Base */,
			);
			name = Main.storyboard;
			sourceTree = "<group>";
		};
/* End PBXVariantGroup section */

/* Begin XCBuildConfiguration section */
		A2620E2D19B9FACF0048A2FE /* Debug */ = {
			isa = XCBuildConfiguration;
			buildSettings = {
				ALWAYS_SEARCH_USER_PATHS = NO;
				CLANG_CXX_LANGUAGE_STANDARD = "gnu++0x";
				CLANG_CXX_LIBRARY = "libc++";
				CLANG_ENABLE_MODULES = YES;
				CLANG_ENABLE_OBJC_ARC = YES;
				CLANG_WARN_BOOL_CONVERSION = YES;
				CLANG_WARN_CONSTANT_CONVERSION = YES;
				CLANG_WARN_DIRECT_OBJC_ISA_USAGE = YES_ERROR;
				CLANG_WARN_EMPTY_BODY = YES;
				CLANG_WARN_ENUM_CONVERSION = YES;
				CLANG_WARN_INT_CONVERSION = YES;
				CLANG_WARN_OBJC_ROOT_CLASS = YES_ERROR;
				CLANG_WARN_UNREACHABLE_CODE = YES;
				CLANG_WARN__DUPLICATE_METHOD_MATCH = YES;
				"CODE_SIGN_IDENTITY[sdk=iphoneos*]" = "iPhone Developer";
				COPY_PHASE_STRIP = NO;
				ENABLE_STRICT_OBJC_MSGSEND = YES;
				GCC_C_LANGUAGE_STANDARD = gnu99;
				GCC_DYNAMIC_NO_PIC = NO;
				GCC_OPTIMIZATION_LEVEL = 0;
				GCC_PREPROCESSOR_DEFINITIONS = (
					"DEBUG=1",
					"$(inherited)",
				);
				GCC_SYMBOLS_PRIVATE_EXTERN = NO;
				GCC_WARN_64_TO_32_BIT_CONVERSION = YES;
				GCC_WARN_ABOUT_RETURN_TYPE = YES_ERROR;
				GCC_WARN_UNDECLARED_SELECTOR = YES;
				GCC_WARN_UNINITIALIZED_AUTOS = YES_AGGRESSIVE;
				GCC_WARN_UNUSED_FUNCTION = YES;
				GCC_WARN_UNUSED_VARIABLE = YES;
				IPHONEOS_DEPLOYMENT_TARGET = 8.0;
				MTL_ENABLE_DEBUG_INFO = YES;
				ONLY_ACTIVE_ARCH = YES;
				SDKROOT = iphoneos;
				SWIFT_OPTIMIZATION_LEVEL = "-Onone";
				TARGETED_DEVICE_FAMILY = "1,2";
			};
			name = Debug;
		};
		A2620E2E19B9FACF0048A2FE /* Release */ = {
			isa = XCBuildConfiguration;
			buildSettings = {
				ALWAYS_SEARCH_USER_PATHS = NO;
				CLANG_CXX_LANGUAGE_STANDARD = "gnu++0x";
				CLANG_CXX_LIBRARY = "libc++";
				CLANG_ENABLE_MODULES = YES;
				CLANG_ENABLE_OBJC_ARC = YES;
				CLANG_WARN_BOOL_CONVERSION = YES;
				CLANG_WARN_CONSTANT_CONVERSION = YES;
				CLANG_WARN_DIRECT_OBJC_ISA_USAGE = YES_ERROR;
				CLANG_WARN_EMPTY_BODY = YES;
				CLANG_WARN_ENUM_CONVERSION = YES;
				CLANG_WARN_INT_CONVERSION = YES;
				CLANG_WARN_OBJC_ROOT_CLASS = YES_ERROR;
				CLANG_WARN_UNREACHABLE_CODE = YES;
				CLANG_WARN__DUPLICATE_METHOD_MATCH = YES;
				"CODE_SIGN_IDENTITY[sdk=iphoneos*]" = "iPhone Developer";
				COPY_PHASE_STRIP = YES;
				ENABLE_NS_ASSERTIONS = NO;
				ENABLE_STRICT_OBJC_MSGSEND = YES;
				GCC_C_LANGUAGE_STANDARD = gnu99;
				GCC_WARN_64_TO_32_BIT_CONVERSION = YES;
				GCC_WARN_ABOUT_RETURN_TYPE = YES_ERROR;
				GCC_WARN_UNDECLARED_SELECTOR = YES;
				GCC_WARN_UNINITIALIZED_AUTOS = YES_AGGRESSIVE;
				GCC_WARN_UNUSED_FUNCTION = YES;
				GCC_WARN_UNUSED_VARIABLE = YES;
				IPHONEOS_DEPLOYMENT_TARGET = 8.0;
				MTL_ENABLE_DEBUG_INFO = NO;
				SDKROOT = iphoneos;
				TARGETED_DEVICE_FAMILY = "1,2";
				VALIDATE_PRODUCT = YES;
			};
			name = Release;
		};
		A2620E3019B9FACF0048A2FE /* Debug */ = {
			isa = XCBuildConfiguration;
			buildSettings = {
				ASSETCATALOG_COMPILER_APPICON_NAME = AppIcon;
				ASSETCATALOG_COMPILER_LAUNCHIMAGE_NAME = LaunchImage;
				INFOPLIST_FILE = "GCD-class/Info.plist";
				LD_RUNPATH_SEARCH_PATHS = "$(inherited) @executable_path/Frameworks";
				PRODUCT_NAME = "$(TARGET_NAME)";
			};
			name = Debug;
		};
		A2620E3119B9FACF0048A2FE /* Release */ = {
			isa = XCBuildConfiguration;
			buildSettings = {
				ASSETCATALOG_COMPILER_APPICON_NAME = AppIcon;
				ASSETCATALOG_COMPILER_LAUNCHIMAGE_NAME = LaunchImage;
				INFOPLIST_FILE = "GCD-class/Info.plist";
				LD_RUNPATH_SEARCH_PATHS = "$(inherited) @executable_path/Frameworks";
				PRODUCT_NAME = "$(TARGET_NAME)";
			};
			name = Release;
		};
		A2620E3319B9FACF0048A2FE /* Debug */ = {
			isa = XCBuildConfiguration;
			buildSettings = {
				BUNDLE_LOADER = "$(TEST_HOST)";
				FRAMEWORK_SEARCH_PATHS = (
					"$(SDKROOT)/Developer/Library/Frameworks",
					"$(inherited)",
				);
				GCC_PREPROCESSOR_DEFINITIONS = (
					"DEBUG=1",
					"$(inherited)",
				);
				INFOPLIST_FILE = "GCD-classTests/Info.plist";
				LD_RUNPATH_SEARCH_PATHS = "$(inherited) @executable_path/Frameworks @loader_path/Frameworks";
				PRODUCT_NAME = "$(TARGET_NAME)";
				TEST_HOST = "$(BUILT_PRODUCTS_DIR)/GCD-class.app/GCD-class";
			};
			name = Debug;
		};
		A2620E3419B9FACF0048A2FE /* Release */ = {
			isa = XCBuildConfiguration;
			buildSettings = {
				BUNDLE_LOADER = "$(TEST_HOST)";
				FRAMEWORK_SEARCH_PATHS = (
					"$(SDKROOT)/Developer/Library/Frameworks",
					"$(inherited)",
				);
				INFOPLIST_FILE = "GCD-classTests/Info.plist";
				LD_RUNPATH_SEARCH_PATHS = "$(inherited) @executable_path/Frameworks @loader_path/Frameworks";
				PRODUCT_NAME = "$(TARGET_NAME)";
				TEST_HOST = "$(BUILT_PRODUCTS_DIR)/GCD-class.app/GCD-class";
			};
			name = Release;
		};
/* End XCBuildConfiguration section */

/* Begin XCConfigurationList section */
		A2620E0E19B9FACF0048A2FE /* Build configuration list for PBXProject "GCD-class" */ = {
			isa = XCConfigurationList;
			buildConfigurations = (
				A2620E2D19B9FACF0048A2FE /* Debug */,
				A2620E2E19B9FACF0048A2FE /* Release */,
			);
			defaultConfigurationIsVisible = 0;
			defaultConfigurationName = Release;
		};
		A2620E2F19B9FACF0048A2FE /* Build configuration list for PBXNativeTarget "GCD-class" */ = {
			isa = XCConfigurationList;
			buildConfigurations = (
				A2620E3019B9FACF0048A2FE /* Debug */,
				A2620E3119B9FACF0048A2FE /* Release */,
			);
			defaultConfigurationIsVisible = 0;
		};
		A2620E3219B9FACF0048A2FE /* Build configuration list for PBXNativeTarget "GCD-classTests" */ = {
			isa = XCConfigurationList;
			buildConfigurations = (
				A2620E3319B9FACF0048A2FE /* Debug */,
				A2620E3419B9FACF0048A2FE /* Release */,
			);
			defaultConfigurationIsVisible = 0;
		};
/* End XCConfigurationList section */
	};
	rootObject = A2620E0B19B9FACF0048A2FE /* Project object */;
}
