// !$*UTF8*$!
{
	archiveVersion = 1;
	classes = {
	};
	objectVersion = 46;
	objects = {

/* Begin PBXBuildFile section */
		34CBE96D1AF937FA000C9555 /* TaskDetailViewController.swift in Sources */ = {isa = PBXBuildFile; fileRef = 34CBE96C1AF937FA000C9555 /* TaskDetailViewController.swift */; };
		34CBE96F1AF93AA6000C9555 /* Task.swift in Sources */ = {isa = PBXBuildFile; fileRef = 34CBE96E1AF93AA6000C9555 /* Task.swift */; };
		34EA6F831AF92EAF009AA095 /* AppDelegate.swift in Sources */ = {isa = PBXBuildFile; fileRef = 34EA6F821AF92EAF009AA095 /* AppDelegate.swift */; };
		34EA6F861AF92EAF009AA095 /* TaskNote.xcdatamodeld in Sources */ = {isa = PBXBuildFile; fileRef = 34EA6F841AF92EAF009AA095 /* TaskNote.xcdatamodeld */; };
		34EA6F8B1AF92EAF009AA095 /* Main.storyboard in Resources */ = {isa = PBXBuildFile; fileRef = 34EA6F891AF92EAF009AA095 /* Main.storyboard */; };
		34EA6F8D1AF92EAF009AA095 /* Images.xcassets in Resources */ = {isa = PBXBuildFile; fileRef = 34EA6F8C1AF92EAF009AA095 /* Images.xcassets */; };
		34EA6F901AF92EAF009AA095 /* LaunchScreen.xib in Resources */ = {isa = PBXBuildFile; fileRef = 34EA6F8E1AF92EAF009AA095 /* LaunchScreen.xib */; };
		34EA6F9C1AF92EAF009AA095 /* TaskNoteTests.swift in Sources */ = {isa = PBXBuildFile; fileRef = 34EA6F9B1AF92EAF009AA095 /* TaskNoteTests.swift */; };
		34EA6FA61AF92F1D009AA095 /* TaskManagerTableViewController.swift in Sources */ = {isa = PBXBuildFile; fileRef = 34EA6FA51AF92F1D009AA095 /* TaskManagerTableViewController.swift */; };
/* End PBXBuildFile section */

/* Begin PBXContainerItemProxy section */
		34EA6F961AF92EAF009AA095 /* PBXContainerItemProxy */ = {
			isa = PBXContainerItemProxy;
			containerPortal = 34EA6F751AF92EAE009AA095 /* Project object */;
			proxyType = 1;
			remoteGlobalIDString = 34EA6F7C1AF92EAE009AA095;
			remoteInfo = TaskNote;
		};
/* End PBXContainerItemProxy section */

/* Begin PBXFileReference section */
		34CBE96C1AF937FA000C9555 /* TaskDetailViewController.swift */ = {isa = PBXFileReference; fileEncoding = 4; lastKnownFileType = sourcecode.swift; path = TaskDetailViewController.swift; sourceTree = "<group>"; };
		34CBE96E1AF93AA6000C9555 /* Task.swift */ = {isa = PBXFileReference; fileEncoding = 4; lastKnownFileType = sourcecode.swift; path = Task.swift; sourceTree = "<group>"; };
		34EA6F7D1AF92EAE009AA095 /* TaskNote.app */ = {isa = PBXFileReference; explicitFileType = wrapper.application; includeInIndex = 0; path = TaskNote.app; sourceTree = BUILT_PRODUCTS_DIR; };
		34EA6F811AF92EAE009AA095 /* Info.plist */ = {isa = PBXFileReference; lastKnownFileType = text.plist.xml; path = Info.plist; sourceTree = "<group>"; };
		34EA6F821AF92EAF009AA095 /* AppDelegate.swift */ = {isa = PBXFileReference; lastKnownFileType = sourcecode.swift; path = AppDelegate.swift; sourceTree = "<group>"; };
		34EA6F851AF92EAF009AA095 /* TaskNote.xcdatamodel */ = {isa = PBXFileReference; lastKnownFileType = wrapper.xcdatamodel; path = TaskNote.xcdatamodel; sourceTree = "<group>"; };
		34EA6F8A1AF92EAF009AA095 /* Base */ = {isa = PBXFileReference; lastKnownFileType = file.storyboard; name = Base; path = Base.lproj/Main.storyboard; sourceTree = "<group>"; };
		34EA6F8C1AF92EAF009AA095 /* Images.xcassets */ = {isa = PBXFileReference; lastKnownFileType = folder.assetcatalog; path = Images.xcassets; sourceTree = "<group>"; };
		34EA6F8F1AF92EAF009AA095 /* Base */ = {isa = PBXFileReference; lastKnownFileType = file.xib; name = Base; path = Base.lproj/LaunchScreen.xib; sourceTree = "<group>"; };
		34EA6F951AF92EAF009AA095 /* TaskNoteTests.xctest */ = {isa = PBXFileReference; explicitFileType = wrapper.cfbundle; includeInIndex = 0; path = TaskNoteTests.xctest; sourceTree = BUILT_PRODUCTS_DIR; };
		34EA6F9A1AF92EAF009AA095 /* Info.plist */ = {isa = PBXFileReference; lastKnownFileType = text.plist.xml; path = Info.plist; sourceTree = "<group>"; };
		34EA6F9B1AF92EAF009AA095 /* TaskNoteTests.swift */ = {isa = PBXFileReference; lastKnownFileType = sourcecode.swift; path = TaskNoteTests.swift; sourceTree = "<group>"; };
		34EA6FA51AF92F1D009AA095 /* TaskManagerTableViewController.swift */ = {isa = PBXFileReference; fileEncoding = 4; lastKnownFileType = sourcecode.swift; path = TaskManagerTableViewController.swift; sourceTree = "<group>"; };
/* End PBXFileReference section */

/* Begin PBXFrameworksBuildPhase section */
		34EA6F7A1AF92EAE009AA095 /* Frameworks */ = {
			isa = PBXFrameworksBuildPhase;
			buildActionMask = 2147483647;
			files = (
			);
			runOnlyForDeploymentPostprocessing = 0;
		};
		34EA6F921AF92EAF009AA095 /* Frameworks */ = {
			isa = PBXFrameworksBuildPhase;
			buildActionMask = 2147483647;
			files = (
			);
			runOnlyForDeploymentPostprocessing = 0;
		};
/* End PBXFrameworksBuildPhase section */

/* Begin PBXGroup section */
		34EA6F741AF92EAE009AA095 = {
			isa = PBXGroup;
			children = (
				34EA6F7F1AF92EAE009AA095 /* TaskNote */,
				34EA6F981AF92EAF009AA095 /* TaskNoteTests */,
				34EA6F7E1AF92EAE009AA095 /* Products */,
			);
			sourceTree = "<group>";
		};
		34EA6F7E1AF92EAE009AA095 /* Products */ = {
			isa = PBXGroup;
			children = (
				34EA6F7D1AF92EAE009AA095 /* TaskNote.app */,
				34EA6F951AF92EAF009AA095 /* TaskNoteTests.xctest */,
			);
			name = Products;
			sourceTree = "<group>";
		};
		34EA6F7F1AF92EAE009AA095 /* TaskNote */ = {
			isa = PBXGroup;
			children = (
				34CBE96E1AF93AA6000C9555 /* Task.swift */,
				34EA6F821AF92EAF009AA095 /* AppDelegate.swift */,
				34EA6F8C1AF92EAF009AA095 /* Images.xcassets */,
				34EA6F8E1AF92EAF009AA095 /* LaunchScreen.xib */,
				34EA6F841AF92EAF009AA095 /* TaskNote.xcdatamodeld */,
				34EA6F801AF92EAE009AA095 /* Supporting Files */,
				34EA6F891AF92EAF009AA095 /* Main.storyboard */,
				34EA6FA51AF92F1D009AA095 /* TaskManagerTableViewController.swift */,
				34CBE96C1AF937FA000C9555 /* TaskDetailViewController.swift */,
			);
			path = TaskNote;
			sourceTree = "<group>";
		};
		34EA6F801AF92EAE009AA095 /* Supporting Files */ = {
			isa = PBXGroup;
			children = (
				34EA6F811AF92EAE009AA095 /* Info.plist */,
			);
			name = "Supporting Files";
			sourceTree = "<group>";
		};
		34EA6F981AF92EAF009AA095 /* TaskNoteTests */ = {
			isa = PBXGroup;
			children = (
				34EA6F9B1AF92EAF009AA095 /* TaskNoteTests.swift */,
				34EA6F991AF92EAF009AA095 /* Supporting Files */,
			);
			path = TaskNoteTests;
			sourceTree = "<group>";
		};
		34EA6F991AF92EAF009AA095 /* Supporting Files */ = {
			isa = PBXGroup;
			children = (
				34EA6F9A1AF92EAF009AA095 /* Info.plist */,
			);
			name = "Supporting Files";
			sourceTree = "<group>";
		};
/* End PBXGroup section */

/* Begin PBXNativeTarget section */
		34EA6F7C1AF92EAE009AA095 /* TaskNote */ = {
			isa = PBXNativeTarget;
			buildConfigurationList = 34EA6F9F1AF92EAF009AA095 /* Build configuration list for PBXNativeTarget "TaskNote" */;
			buildPhases = (
				34EA6F791AF92EAE009AA095 /* Sources */,
				34EA6F7A1AF92EAE009AA095 /* Frameworks */,
				34EA6F7B1AF92EAE009AA095 /* Resources */,
			);
			buildRules = (
			);
			dependencies = (
			);
			name = TaskNote;
			productName = TaskNote;
			productReference = 34EA6F7D1AF92EAE009AA095 /* TaskNote.app */;
			productType = "com.apple.product-type.application";
		};
		34EA6F941AF92EAF009AA095 /* TaskNoteTests */ = {
			isa = PBXNativeTarget;
			buildConfigurationList = 34EA6FA21AF92EAF009AA095 /* Build configuration list for PBXNativeTarget "TaskNoteTests" */;
			buildPhases = (
				34EA6F911AF92EAF009AA095 /* Sources */,
				34EA6F921AF92EAF009AA095 /* Frameworks */,
				34EA6F931AF92EAF009AA095 /* Resources */,
			);
			buildRules = (
			);
			dependencies = (
				34EA6F971AF92EAF009AA095 /* PBXTargetDependency */,
			);
			name = TaskNoteTests;
			productName = TaskNoteTests;
			productReference = 34EA6F951AF92EAF009AA095 /* TaskNoteTests.xctest */;
			productType = "com.apple.product-type.bundle.unit-test";
		};
/* End PBXNativeTarget section */

/* Begin PBXProject section */
		34EA6F751AF92EAE009AA095 /* Project object */ = {
			isa = PBXProject;
			attributes = {
				LastUpgradeCheck = 0630;
				ORGANIZATIONNAME = "Diego Cavalca";
				TargetAttributes = {
					34EA6F7C1AF92EAE009AA095 = {
						CreatedOnToolsVersion = 6.3.1;
					};
					34EA6F941AF92EAF009AA095 = {
						CreatedOnToolsVersion = 6.3.1;
						TestTargetID = 34EA6F7C1AF92EAE009AA095;
					};
				};
			};
			buildConfigurationList = 34EA6F781AF92EAE009AA095 /* Build configuration list for PBXProject "TaskNote" */;
			compatibilityVersion = "Xcode 3.2";
			developmentRegion = English;
			hasScannedForEncodings = 0;
			knownRegions = (
				en,
				Base,
			);
			mainGroup = 34EA6F741AF92EAE009AA095;
			productRefGroup = 34EA6F7E1AF92EAE009AA095 /* Products */;
			projectDirPath = "";
			projectRoot = "";
			targets = (
				34EA6F7C1AF92EAE009AA095 /* TaskNote */,
				34EA6F941AF92EAF009AA095 /* TaskNoteTests */,
			);
		};
/* End PBXProject section */

/* Begin PBXResourcesBuildPhase section */
		34EA6F7B1AF92EAE009AA095 /* Resources */ = {
			isa = PBXResourcesBuildPhase;
			buildActionMask = 2147483647;
			files = (
				34EA6F8B1AF92EAF009AA095 /* Main.storyboard in Resources */,
				34EA6F901AF92EAF009AA095 /* LaunchScreen.xib in Resources */,
				34EA6F8D1AF92EAF009AA095 /* Images.xcassets in Resources */,
			);
			runOnlyForDeploymentPostprocessing = 0;
		};
		34EA6F931AF92EAF009AA095 /* Resources */ = {
			isa = PBXResourcesBuildPhase;
			buildActionMask = 2147483647;
			files = (
			);
			runOnlyForDeploymentPostprocessing = 0;
		};
/* End PBXResourcesBuildPhase section */

/* Begin PBXSourcesBuildPhase section */
		34EA6F791AF92EAE009AA095 /* Sources */ = {
			isa = PBXSourcesBuildPhase;
			buildActionMask = 2147483647;
			files = (
				34EA6F861AF92EAF009AA095 /* TaskNote.xcdatamodeld in Sources */,
				34EA6FA61AF92F1D009AA095 /* TaskManagerTableViewController.swift in Sources */,
				34CBE96F1AF93AA6000C9555 /* Task.swift in Sources */,
				34CBE96D1AF937FA000C9555 /* TaskDetailViewController.swift in Sources */,
				34EA6F831AF92EAF009AA095 /* AppDelegate.swift in Sources */,
			);
			runOnlyForDeploymentPostprocessing = 0;
		};
		34EA6F911AF92EAF009AA095 /* Sources */ = {
			isa = PBXSourcesBuildPhase;
			buildActionMask = 2147483647;
			files = (
				34EA6F9C1AF92EAF009AA095 /* TaskNoteTests.swift in Sources */,
			);
			runOnlyForDeploymentPostprocessing = 0;
		};
/* End PBXSourcesBuildPhase section */

/* Begin PBXTargetDependency section */
		34EA6F971AF92EAF009AA095 /* PBXTargetDependency */ = {
			isa = PBXTargetDependency;
			target = 34EA6F7C1AF92EAE009AA095 /* TaskNote */;
			targetProxy = 34EA6F961AF92EAF009AA095 /* PBXContainerItemProxy */;
		};
/* End PBXTargetDependency section */

/* Begin PBXVariantGroup section */
		34EA6F891AF92EAF009AA095 /* Main.storyboard */ = {
			isa = PBXVariantGroup;
			children = (
				34EA6F8A1AF92EAF009AA095 /* Base */,
			);
			name = Main.storyboard;
			sourceTree = "<group>";
		};
		34EA6F8E1AF92EAF009AA095 /* LaunchScreen.xib */ = {
			isa = PBXVariantGroup;
			children = (
				34EA6F8F1AF92EAF009AA095 /* Base */,
			);
			name = LaunchScreen.xib;
			sourceTree = "<group>";
		};
/* End PBXVariantGroup section */

/* Begin XCBuildConfiguration section */
		34EA6F9D1AF92EAF009AA095 /* Debug */ = {
			isa = XCBuildConfiguration;
			buildSettings = {
				ALWAYS_SEARCH_USER_PATHS = NO;
				CLANG_CXX_LANGUAGE_STANDARD = "gnu++0x";
				CLANG_CXX_LIBRARY = "libc++";
				CLANG_ENABLE_MODULES = YES;
				CLANG_ENABLE_OBJC_ARC = YES;
				CLANG_WARN_BOOL_CONVERSION = YES;
				CLANG_WARN_CONSTANT_CONVERSION = YES;
				CLANG_WARN_DIRECT_OBJC_ISA_USAGE = YES_ERROR;
				CLANG_WARN_EMPTY_BODY = YES;
				CLANG_WARN_ENUM_CONVERSION = YES;
				CLANG_WARN_INT_CONVERSION = YES;
				CLANG_WARN_OBJC_ROOT_CLASS = YES_ERROR;
				CLANG_WARN_UNREACHABLE_CODE = YES;
				CLANG_WARN__DUPLICATE_METHOD_MATCH = YES;
				"CODE_SIGN_IDENTITY[sdk=iphoneos*]" = "iPhone Developer";
				COPY_PHASE_STRIP = NO;
				DEBUG_INFORMATION_FORMAT = "dwarf-with-dsym";
				ENABLE_STRICT_OBJC_MSGSEND = YES;
				GCC_C_LANGUAGE_STANDARD = gnu99;
				GCC_DYNAMIC_NO_PIC = NO;
				GCC_NO_COMMON_BLOCKS = YES;
				GCC_OPTIMIZATION_LEVEL = 0;
				GCC_PREPROCESSOR_DEFINITIONS = (
					"DEBUG=1",
					"$(inherited)",
				);
				GCC_SYMBOLS_PRIVATE_EXTERN = NO;
				GCC_WARN_64_TO_32_BIT_CONVERSION = YES;
				GCC_WARN_ABOUT_RETURN_TYPE = YES_ERROR;
				GCC_WARN_UNDECLARED_SELECTOR = YES;
				GCC_WARN_UNINITIALIZED_AUTOS = YES_AGGRESSIVE;
				GCC_WARN_UNUSED_FUNCTION = YES;
				GCC_WARN_UNUSED_VARIABLE = YES;
				IPHONEOS_DEPLOYMENT_TARGET = 8.3;
				MTL_ENABLE_DEBUG_INFO = YES;
				ONLY_ACTIVE_ARCH = YES;
				SDKROOT = iphoneos;
				SWIFT_OPTIMIZATION_LEVEL = "-Onone";
				TARGETED_DEVICE_FAMILY = "1,2";
			};
			name = Debug;
		};
		34EA6F9E1AF92EAF009AA095 /* Release */ = {
			isa = XCBuildConfiguration;
			buildSettings = {
				ALWAYS_SEARCH_USER_PATHS = NO;
				CLANG_CXX_LANGUAGE_STANDARD = "gnu++0x";
				CLANG_CXX_LIBRARY = "libc++";
				CLANG_ENABLE_MODULES = YES;
				CLANG_ENABLE_OBJC_ARC = YES;
				CLANG_WARN_BOOL_CONVERSION = YES;
				CLANG_WARN_CONSTANT_CONVERSION = YES;
				CLANG_WARN_DIRECT_OBJC_ISA_USAGE = YES_ERROR;
				CLANG_WARN_EMPTY_BODY = YES;
				CLANG_WARN_ENUM_CONVERSION = YES;
				CLANG_WARN_INT_CONVERSION = YES;
				CLANG_WARN_OBJC_ROOT_CLASS = YES_ERROR;
				CLANG_WARN_UNREACHABLE_CODE = YES;
				CLANG_WARN__DUPLICATE_METHOD_MATCH = YES;
				"CODE_SIGN_IDENTITY[sdk=iphoneos*]" = "iPhone Developer";
				COPY_PHASE_STRIP = NO;
				DEBUG_INFORMATION_FORMAT = "dwarf-with-dsym";
				ENABLE_NS_ASSERTIONS = NO;
				ENABLE_STRICT_OBJC_MSGSEND = YES;
				GCC_C_LANGUAGE_STANDARD = gnu99;
				GCC_NO_COMMON_BLOCKS = YES;
				GCC_WARN_64_TO_32_BIT_CONVERSION = YES;
				GCC_WARN_ABOUT_RETURN_TYPE = YES_ERROR;
				GCC_WARN_UNDECLARED_SELECTOR = YES;
				GCC_WARN_UNINITIALIZED_AUTOS = YES_AGGRESSIVE;
				GCC_WARN_UNUSED_FUNCTION = YES;
				GCC_WARN_UNUSED_VARIABLE = YES;
				IPHONEOS_DEPLOYMENT_TARGET = 8.3;
				MTL_ENABLE_DEBUG_INFO = NO;
				SDKROOT = iphoneos;
				TARGETED_DEVICE_FAMILY = "1,2";
				VALIDATE_PRODUCT = YES;
			};
			name = Release;
		};
		34EA6FA01AF92EAF009AA095 /* Debug */ = {
			isa = XCBuildConfiguration;
			buildSettings = {
				ASSETCATALOG_COMPILER_APPICON_NAME = AppIcon;
				INFOPLIST_FILE = TaskNote/Info.plist;
				LD_RUNPATH_SEARCH_PATHS = "$(inherited) @executable_path/Frameworks";
				PRODUCT_NAME = "$(TARGET_NAME)";
			};
			name = Debug;
		};
		34EA6FA11AF92EAF009AA095 /* Release */ = {
			isa = XCBuildConfiguration;
			buildSettings = {
				ASSETCATALOG_COMPILER_APPICON_NAME = AppIcon;
				INFOPLIST_FILE = TaskNote/Info.plist;
				LD_RUNPATH_SEARCH_PATHS = "$(inherited) @executable_path/Frameworks";
				PRODUCT_NAME = "$(TARGET_NAME)";
			};
			name = Release;
		};
		34EA6FA31AF92EAF009AA095 /* Debug */ = {
			isa = XCBuildConfiguration;
			buildSettings = {
				BUNDLE_LOADER = "$(TEST_HOST)";
				FRAMEWORK_SEARCH_PATHS = (
					"$(SDKROOT)/Developer/Library/Frameworks",
					"$(inherited)",
				);
				GCC_PREPROCESSOR_DEFINITIONS = (
					"DEBUG=1",
					"$(inherited)",
				);
				INFOPLIST_FILE = TaskNoteTests/Info.plist;
				LD_RUNPATH_SEARCH_PATHS = "$(inherited) @executable_path/Frameworks @loader_path/Frameworks";
				PRODUCT_NAME = "$(TARGET_NAME)";
				TEST_HOST = "$(BUILT_PRODUCTS_DIR)/TaskNote.app/TaskNote";
			};
			name = Debug;
		};
		34EA6FA41AF92EAF009AA095 /* Release */ = {
			isa = XCBuildConfiguration;
			buildSettings = {
				BUNDLE_LOADER = "$(TEST_HOST)";
				FRAMEWORK_SEARCH_PATHS = (
					"$(SDKROOT)/Developer/Library/Frameworks",
					"$(inherited)",
				);
				INFOPLIST_FILE = TaskNoteTests/Info.plist;
				LD_RUNPATH_SEARCH_PATHS = "$(inherited) @executable_path/Frameworks @loader_path/Frameworks";
				PRODUCT_NAME = "$(TARGET_NAME)";
				TEST_HOST = "$(BUILT_PRODUCTS_DIR)/TaskNote.app/TaskNote";
			};
			name = Release;
		};
/* End XCBuildConfiguration section */

/* Begin XCConfigurationList section */
		34EA6F781AF92EAE009AA095 /* Build configuration list for PBXProject "TaskNote" */ = {
			isa = XCConfigurationList;
			buildConfigurations = (
				34EA6F9D1AF92EAF009AA095 /* Debug */,
				34EA6F9E1AF92EAF009AA095 /* Release */,
			);
			defaultConfigurationIsVisible = 0;
			defaultConfigurationName = Release;
		};
		34EA6F9F1AF92EAF009AA095 /* Build configuration list for PBXNativeTarget "TaskNote" */ = {
			isa = XCConfigurationList;
			buildConfigurations = (
				34EA6FA01AF92EAF009AA095 /* Debug */,
				34EA6FA11AF92EAF009AA095 /* Release */,
			);
			defaultConfigurationIsVisible = 0;
			defaultConfigurationName = Release;
		};
		34EA6FA21AF92EAF009AA095 /* Build configuration list for PBXNativeTarget "TaskNoteTests" */ = {
			isa = XCConfigurationList;
			buildConfigurations = (
				34EA6FA31AF92EAF009AA095 /* Debug */,
				34EA6FA41AF92EAF009AA095 /* Release */,
			);
			defaultConfigurationIsVisible = 0;
			defaultConfigurationName = Release;
		};
/* End XCConfigurationList section */

/* Begin XCVersionGroup section */
		34EA6F841AF92EAF009AA095 /* TaskNote.xcdatamodeld */ = {
			isa = XCVersionGroup;
			children = (
				34EA6F851AF92EAF009AA095 /* TaskNote.xcdatamodel */,
			);
			currentVersion = 34EA6F851AF92EAF009AA095 /* TaskNote.xcdatamodel */;
			path = TaskNote.xcdatamodeld;
			sourceTree = "<group>";
			versionGroupType = wrapper.xcdatamodel;
		};
/* End XCVersionGroup section */
	};
	rootObject = 34EA6F751AF92EAE009AA095 /* Project object */;
}
